
Microsoft Visual Studio Solution File, Format Version 12.00
# Visual Studio Version 16
VisualStudioVersion = 16.0.29519.181
MinimumVisualStudioVersion = 10.0.40219.1
Project("{9A19103F-16F7-4668-BE54-9A1E7A4F7556}") = "Hello", "Hello\Hello.csproj", "{32BD83D4-FA67-4FC5-80F3-D8E71C2825B6}"
EndProject
Project("{FAE04EC0-301F-11D3-BF4B-00C04F79EFBC}") = "StudentDiary", "StudentDiary\StudentDiary.csproj", "{AB95A5E2-D783-4CAA-8548-6CC3295DD0BE}"
EndProject
Project("{FAE04EC0-301F-11D3-BF4B-00C04F79EFBC}") = "Constructors", "Constructors\Constructors.csproj", "{60AEBD5C-1C5A-4580-A0A5-C7218C71D99E}"
EndProject
Project("{FAE04EC0-301F-11D3-BF4B-00C04F79EFBC}") = "Odcinek10", "Odcinek10\Odcinek10.csproj", "{55944356-56C8-4B58-A064-F257ACA80B1C}"
EndProject
Project("{FAE04EC0-301F-11D3-BF4B-00C04F79EFBC}") = "Odcinek13", "Odcinek13\Odcinek13.csproj", "{4A2D7D36-DCC8-4D55-8F8D-10ED654E5FF2}"
EndProject
Project("{FAE04EC0-301F-11D3-BF4B-00C04F79EFBC}") = "Typy", "Typy\Typy.csproj", "{4CAB39F0-C42B-41C2-9824-491DA65868A6}"
EndProject
Project("{FAE04EC0-301F-11D3-BF4B-00C04F79EFBC}") = "Ocinek21", "Ocinek21\Ocinek21.csproj", "{14A17649-FD0E-4529-A82B-5C9DA55FCE4D}"
EndProject
Global
	GlobalSection(SolutionConfigurationPlatforms) = preSolution
		Debug|Any CPU = Debug|Any CPU
		Release|Any CPU = Release|Any CPU
	EndGlobalSection
	GlobalSection(ProjectConfigurationPlatforms) = postSolution
		{32BD83D4-FA67-4FC5-80F3-D8E71C2825B6}.Debug|Any CPU.ActiveCfg = Debug|Any CPU
		{32BD83D4-FA67-4FC5-80F3-D8E71C2825B6}.Debug|Any CPU.Build.0 = Debug|Any CPU
		{32BD83D4-FA67-4FC5-80F3-D8E71C2825B6}.Release|Any CPU.ActiveCfg = Release|Any CPU
		{32BD83D4-FA67-4FC5-80F3-D8E71C2825B6}.Release|Any CPU.Build.0 = Release|Any CPU
		{AB95A5E2-D783-4CAA-8548-6CC3295DD0BE}.Debug|Any CPU.ActiveCfg = Debug|Any CPU
		{AB95A5E2-D783-4CAA-8548-6CC3295DD0BE}.Debug|Any CPU.Build.0 = Debug|Any CPU
		{AB95A5E2-D783-4CAA-8548-6CC3295DD0BE}.Release|Any CPU.ActiveCfg = Release|Any CPU
		{AB95A5E2-D783-4CAA-8548-6CC3295DD0BE}.Release|Any CPU.Build.0 = Release|Any CPU
		{60AEBD5C-1C5A-4580-A0A5-C7218C71D99E}.Debug|Any CPU.ActiveCfg = Debug|Any CPU
		{60AEBD5C-1C5A-4580-A0A5-C7218C71D99E}.Debug|Any CPU.Build.0 = Debug|Any CPU
		{60AEBD5C-1C5A-4580-A0A5-C7218C71D99E}.Release|Any CPU.ActiveCfg = Release|Any CPU
		{60AEBD5C-1C5A-4580-A0A5-C7218C71D99E}.Release|Any CPU.Build.0 = Release|Any CPU
		{55944356-56C8-4B58-A064-F257ACA80B1C}.Debug|Any CPU.ActiveCfg = Debug|Any CPU
		{55944356-56C8-4B58-A064-F257ACA80B1C}.Debug|Any CPU.Build.0 = Debug|Any CPU
		{55944356-56C8-4B58-A064-F257ACA80B1C}.Release|Any CPU.ActiveCfg = Release|Any CPU
		{55944356-56C8-4B58-A064-F257ACA80B1C}.Release|Any CPU.Build.0 = Release|Any CPU
		{4A2D7D36-DCC8-4D55-8F8D-10ED654E5FF2}.Debug|Any CPU.ActiveCfg = Debug|Any CPU
		{4A2D7D36-DCC8-4D55-8F8D-10ED654E5FF2}.Debug|Any CPU.Build.0 = Debug|Any CPU
		{4A2D7D36-DCC8-4D55-8F8D-10ED654E5FF2}.Release|Any CPU.ActiveCfg = Release|Any CPU
		{4A2D7D36-DCC8-4D55-8F8D-10ED654E5FF2}.Release|Any CPU.Build.0 = Release|Any CPU
		{4CAB39F0-C42B-41C2-9824-491DA65868A6}.Debug|Any CPU.ActiveCfg = Debug|Any CPU
		{4CAB39F0-C42B-41C2-9824-491DA65868A6}.Debug|Any CPU.Build.0 = Debug|Any CPU
		{4CAB39F0-C42B-41C2-9824-491DA65868A6}.Release|Any CPU.ActiveCfg = Release|Any CPU
		{4CAB39F0-C42B-41C2-9824-491DA65868A6}.Release|Any CPU.Build.0 = Release|Any CPU
		{14A17649-FD0E-4529-A82B-5C9DA55FCE4D}.Debug|Any CPU.ActiveCfg = Debug|Any CPU
		{14A17649-FD0E-4529-A82B-5C9DA55FCE4D}.Debug|Any CPU.Build.0 = Debug|Any CPU
		{14A17649-FD0E-4529-A82B-5C9DA55FCE4D}.Release|Any CPU.ActiveCfg = Release|Any CPU
		{14A17649-FD0E-4529-A82B-5C9DA55FCE4D}.Release|Any CPU.Build.0 = Release|Any CPU
	EndGlobalSection
	GlobalSection(SolutionProperties) = preSolution
		HideSolutionNode = FALSE
	EndGlobalSection
	GlobalSection(ExtensibilityGlobals) = postSolution
		SolutionGuid = {8F2BADEA-B7F7-45E3-9E3C-1AA9BE4C505C}
	EndGlobalSection
EndGlobal
